<?xml version="1.0" encoding="utf-8"?>
<Project ToolsVersion="4.0" xmlns="http://schemas.microsoft.com/developer/msbuild/2003">
  <ItemGroup>
    <Filter Include="win32">
      <UniqueIdentifier>{84a8ebd7-7cf0-47f6-b75e-d441df67da40}</UniqueIdentifier>
    </Filter>
    <Filter Include="resource">
      <UniqueIdentifier>{715254bc-d70b-4ec5-bf29-467dd3ace079}</UniqueIdentifier>
    </Filter>
    <Filter Include="src">
      <UniqueIdentifier>{bb6c862e-70e9-49d9-81b7-3829a6f50471}</UniqueIdentifier>
    </Filter>
    <Filter Include="src\Scene">
      <UniqueIdentifier>{0795b453-0ae9-4b56-bdf9-08027c73b371}</UniqueIdentifier>
    </Filter>
    <Filter Include="src\Model">
      <UniqueIdentifier>{a6bd0b67-69d3-4a45-94cd-f5131407c187}</UniqueIdentifier>
    </Filter>
    <Filter Include="src\Controller">
      <UniqueIdentifier>{e16d6333-0dc5-4b71-aa27-ecd8500081dd}</UniqueIdentifier>
    </Filter>
    <Filter Include="src\utils">
      <UniqueIdentifier>{6ce52e63-28f0-4eeb-ab3e-4ec88bd7b0f3}</UniqueIdentifier>
    </Filter>
    <Filter Include="src\Boss">
      <UniqueIdentifier>{b2e44bef-c563-49ae-9899-9245dc737284}</UniqueIdentifier>
    </Filter>
    <Filter Include="src\enumerate">
      <UniqueIdentifier>{05abf0bd-7f7d-47cc-83c0-483e298e52bf}</UniqueIdentifier>
    </Filter>
  </ItemGroup>
  <ItemGroup>
    <ClCompile Include="main.cpp">
      <Filter>win32</Filter>
    </ClCompile>
    <ClCompile Include="..\Classes\AppDelegate.cpp">
      <Filter>src</Filter>
    </ClCompile>
    <ClCompile Include="..\Classes\Scene\WorldScene.cpp">
      <Filter>src\Scene</Filter>
    </ClCompile>
    <ClCompile Include="..\Classes\Model\Brick.cpp">
      <Filter>src\Model</Filter>
    </ClCompile>
    <ClCompile Include="..\Classes\Model\Player.cpp">
      <Filter>src\Model</Filter>
    </ClCompile>
    <ClCompile Include="..\Classes\Model\Bomb.cpp">
      <Filter>src\Model</Filter>
    </ClCompile>
    <ClCompile Include="..\Classes\Model\WorldObject.cpp">
      <Filter>src\Model</Filter>
    </ClCompile>
    <ClCompile Include="..\Classes\Model\Timer.cpp">
      <Filter>src\Model</Filter>
    </ClCompile>
    <ClCompile Include="..\Classes\Model\NPC.cpp">
      <Filter>src\Model</Filter>
    </ClCompile>
    <ClCompile Include="..\Classes\utils\CSVReader.cpp">
      <Filter>src\utils</Filter>
    </ClCompile>
    <ClCompile Include="..\Classes\Model\BrickDoor.cpp">
      <Filter>src\Model</Filter>
    </ClCompile>
    <ClCompile Include="..\Classes\Model\NPCData.cpp">
      <Filter>src\Model</Filter>
    </ClCompile>
    <ClCompile Include="..\Classes\Model\MapData.cpp">
      <Filter>src\Model</Filter>
    </ClCompile>
    <ClCompile Include="..\Classes\Model\BrickBonus.cpp">
      <Filter>src\Model</Filter>
    </ClCompile>
    <ClCompile Include="..\Classes\Model\GameSettings.cpp">
      <Filter>src\Model</Filter>
    </ClCompile>
    <ClCompile Include="..\Classes\Scene\LoadLevelScene.cpp">
      <Filter>src\Scene</Filter>
    </ClCompile>
    <ClCompile Include="..\Classes\Scene\MenuScene.cpp">
      <Filter>src\Scene</Filter>
    </ClCompile>
    <ClCompile Include="..\Classes\Scene\GameOverScene.cpp">
      <Filter>src\Scene</Filter>
    </ClCompile>
    <ClCompile Include="..\Classes\Boss\Snake.cpp">
      <Filter>src\Boss</Filter>
    </ClCompile>
    <ClCompile Include="..\Classes\Boss\Iron.cpp">
      <Filter>src\Boss</Filter>
    </ClCompile>
    <ClCompile Include="..\Classes\Boss\Cyclop.cpp">
      <Filter>src\Boss</Filter>
    </ClCompile>
    <ClCompile Include="..\Classes\Boss\Electro.cpp">
      <Filter>src\Boss</Filter>
    </ClCompile>
    <ClCompile Include="..\Classes\Boss\BossBase.cpp">
      <Filter>src\Boss</Filter>
    </ClCompile>
    <ClCompile Include="..\Classes\Boss\Human.cpp">
      <Filter>src\Boss</Filter>
    </ClCompile>
    <ClCompile Include="..\Classes\Scene\StartingScene.cpp">
      <Filter>src\Scene</Filter>
    </ClCompile>
  </ItemGroup>
  <ItemGroup>
    <ClInclude Include="main.h">
      <Filter>win32</Filter>
    </ClInclude>
    <ClInclude Include="..\Classes\AppDelegate.h">
      <Filter>src</Filter>
    </ClInclude>
    <ClInclude Include="..\Classes\Scene\WorldScene.h">
      <Filter>src\Scene</Filter>
    </ClInclude>
    <ClInclude Include="..\Classes\Model\Brick.h">
      <Filter>src\Model</Filter>
    </ClInclude>
    <ClInclude Include="..\Classes\Model\Player.h">
      <Filter>src\Model</Filter>
    </ClInclude>
    <ClInclude Include="..\Classes\Model\Bomb.h">
      <Filter>src\Model</Filter>
    </ClInclude>
    <ClInclude Include="..\Classes\Model\WorldObject.h">
      <Filter>src\Model</Filter>
    </ClInclude>
    <ClInclude Include="..\Classes\Model\Timer.h">
      <Filter>src\Model</Filter>
    </ClInclude>
    <ClInclude Include="..\Classes\utils\Utils.h">
      <Filter>src\utils</Filter>
    </ClInclude>
    <ClInclude Include="..\Classes\Model\NPC.h">
      <Filter>src\Model</Filter>
    </ClInclude>
    <ClInclude Include="..\Classes\utils\CSVReader.h">
      <Filter>src\utils</Filter>
    </ClInclude>
    <ClInclude Include="..\Classes\Model\BrickDoor.h">
      <Filter>src\Model</Filter>
    </ClInclude>
    <ClInclude Include="..\Classes\Model\NPCData.h">
      <Filter>src\Model</Filter>
    </ClInclude>
    <ClInclude Include="..\Classes\Model\MapData.h">
      <Filter>src\Model</Filter>
    </ClInclude>
    <ClInclude Include="..\Classes\Model\BrickBonus.h">
      <Filter>src\Model</Filter>
    </ClInclude>
    <ClInclude Include="..\Classes\utils\Events.h">
      <Filter>src\utils</Filter>
    </ClInclude>
    <ClInclude Include="..\Classes\Model\GameSettings.h">
      <Filter>src\Model</Filter>
    </ClInclude>
    <ClInclude Include="..\Classes\Scene\LoadLevelScene.h">
      <Filter>src\Scene</Filter>
    </ClInclude>
    <ClInclude Include="..\Classes\Scene\MenuScene.h">
      <Filter>src\Scene</Filter>
    </ClInclude>
    <ClInclude Include="..\Classes\Scene\GameOverScene.h">
      <Filter>src\Scene</Filter>
    </ClInclude>
    <ClInclude Include="..\Classes\Boss\Snake.h">
      <Filter>src\Boss</Filter>
    </ClInclude>
    <ClInclude Include="..\Classes\enumerate\Direction.h">
      <Filter>src\enumerate</Filter>
    </ClInclude>
    <ClInclude Include="..\Classes\enumerate\EBonus.h">
      <Filter>src\enumerate</Filter>
    </ClInclude>
    <ClInclude Include="..\Classes\enumerate\ENPC.h">
      <Filter>src\enumerate</Filter>
    </ClInclude>
    <ClInclude Include="..\Classes\utils\WhiteShader.h">
      <Filter>src\utils</Filter>
    </ClInclude>
    <ClInclude Include="..\Classes\Boss\Iron.h">
      <Filter>src\Boss</Filter>
    </ClInclude>
    <ClInclude Include="..\Classes\Boss\Cyclop.h">
      <Filter>src\Boss</Filter>
    </ClInclude>
    <ClInclude Include="..\Classes\Boss\Electro.h">
      <Filter>src\Boss</Filter>
    </ClInclude>
    <ClInclude Include="..\Classes\Boss\BossBase.h">
      <Filter>src\Boss</Filter>
    </ClInclude>
    <ClInclude Include="..\Classes\Boss\Human.h">
      <Filter>src\Boss</Filter>
    </ClInclude>
    <ClInclude Include="..\Classes\Scene\StartingScene.h">
      <Filter>src\Scene</Filter>
    </ClInclude>
  </ItemGroup>
  <ItemGroup>
    <ResourceCompile Include="game.rc">
      <Filter>resource</Filter>
    </ResourceCompile>
  </ItemGroup>
</Project>