<?xml version="1.0" encoding="utf-8"?>
<Project ToolsVersion="4.0" xmlns="http://schemas.microsoft.com/developer/msbuild/2003">
  <ItemGroup>
    <Filter Include="win32">
      <UniqueIdentifier>{84a8ebd7-7cf0-47f6-b75e-d441df67da40}</UniqueIdentifier>
    </Filter>
    <Filter Include="resource">
      <UniqueIdentifier>{715254bc-d70b-4ec5-bf29-467dd3ace079}</UniqueIdentifier>
    </Filter>
    <Filter Include="src">
      <UniqueIdentifier>{bb6c862e-70e9-49d9-81b7-3829a6f50471}</UniqueIdentifier>
    </Filter>
    <Filter Include="src\Model">
      <UniqueIdentifier>{1072c815-29c1-489c-ac80-ae612a588a3f}</UniqueIdentifier>
    </Filter>
    <Filter Include="src\Scene">
      <UniqueIdentifier>{fe9081ab-7701-4dbb-abed-d1dc07176bcb}</UniqueIdentifier>
    </Filter>
    <Filter Include="src\utils">
      <UniqueIdentifier>{fb6a2c5a-30a0-499b-ac5e-8b34a7fc9cbe}</UniqueIdentifier>
    </Filter>
    <Filter Include="src\Boss">
      <UniqueIdentifier>{f3ba9fd3-4e1c-479d-9cf5-9b4fbabaa32f}</UniqueIdentifier>
    </Filter>
    <Filter Include="src\enumerate">
      <UniqueIdentifier>{a779afc5-dac8-41a7-aee6-55a645d2c541}</UniqueIdentifier>
    </Filter>
    <Filter Include="src\Manager">
      <UniqueIdentifier>{824333be-0f3f-48fc-9530-aaf891c0b11c}</UniqueIdentifier>
    </Filter>
    <Filter Include="src\Model\Bonus">
      <UniqueIdentifier>{d11ca879-866a-4b1d-9b51-4b85d87aac8b}</UniqueIdentifier>
    </Filter>
    <Filter Include="src\Model\Data">
      <UniqueIdentifier>{747169e1-bd17-43c5-a006-15d772e931ba}</UniqueIdentifier>
    </Filter>
  </ItemGroup>
  <ItemGroup>
    <ClCompile Include="main.cpp">
      <Filter>win32</Filter>
    </ClCompile>
    <ClCompile Include="..\Classes\AppDelegate.cpp">
      <Filter>src</Filter>
    </ClCompile>
    <ClCompile Include="..\Classes\Scene\AbstractWorldScene.cpp">
      <Filter>src\Scene</Filter>
    </ClCompile>
    <ClCompile Include="..\Classes\Scene\BattleScene.cpp">
      <Filter>src\Scene</Filter>
    </ClCompile>
    <ClCompile Include="..\Classes\Scene\FinalScene.cpp">
      <Filter>src\Scene</Filter>
    </ClCompile>
    <ClCompile Include="..\Classes\Scene\GameOverScene.cpp">
      <Filter>src\Scene</Filter>
    </ClCompile>
    <ClCompile Include="..\Classes\Scene\LoadLevelScene.cpp">
      <Filter>src\Scene</Filter>
    </ClCompile>
    <ClCompile Include="..\Classes\Scene\MenuScene.cpp">
      <Filter>src\Scene</Filter>
    </ClCompile>
    <ClCompile Include="..\Classes\Scene\PasswordScene.cpp">
      <Filter>src\Scene</Filter>
    </ClCompile>
    <ClCompile Include="..\Classes\Scene\PreloadBattleScene.cpp">
      <Filter>src\Scene</Filter>
    </ClCompile>
    <ClCompile Include="..\Classes\Scene\StartingScene.cpp">
      <Filter>src\Scene</Filter>
    </ClCompile>
    <ClCompile Include="..\Classes\Scene\WorldScene.cpp">
      <Filter>src\Scene</Filter>
    </ClCompile>
    <ClCompile Include="..\Classes\Boss\BossBase.cpp">
      <Filter>src\Boss</Filter>
    </ClCompile>
    <ClCompile Include="..\Classes\Boss\Cyclop.cpp">
      <Filter>src\Boss</Filter>
    </ClCompile>
    <ClCompile Include="..\Classes\Boss\Electro.cpp">
      <Filter>src\Boss</Filter>
    </ClCompile>
    <ClCompile Include="..\Classes\Boss\Human.cpp">
      <Filter>src\Boss</Filter>
    </ClCompile>
    <ClCompile Include="..\Classes\Boss\Iron.cpp">
      <Filter>src\Boss</Filter>
    </ClCompile>
    <ClCompile Include="..\Classes\Boss\Snake.cpp">
      <Filter>src\Boss</Filter>
    </ClCompile>
    <ClCompile Include="..\Classes\Model\Bomb.cpp">
      <Filter>src\Model</Filter>
    </ClCompile>
    <ClCompile Include="..\Classes\Model\Brick.cpp">
      <Filter>src\Model</Filter>
    </ClCompile>
    <ClCompile Include="..\Classes\Model\BrickBonus.cpp">
      <Filter>src\Model</Filter>
    </ClCompile>
    <ClCompile Include="..\Classes\Model\BrickDoor.cpp">
      <Filter>src\Model</Filter>
    </ClCompile>
    <ClCompile Include="..\Classes\Model\GameSettings.cpp">
      <Filter>src\Model</Filter>
    </ClCompile>
    <ClCompile Include="..\Classes\Model\NPC.cpp">
      <Filter>src\Model</Filter>
    </ClCompile>
    <ClCompile Include="..\Classes\Model\Player.cpp">
      <Filter>src\Model</Filter>
    </ClCompile>
    <ClCompile Include="..\Classes\Model\Timer.cpp">
      <Filter>src\Model</Filter>
    </ClCompile>
    <ClCompile Include="..\Classes\Model\WorldObject.cpp">
      <Filter>src\Model</Filter>
    </ClCompile>
    <ClCompile Include="..\Classes\utils\CSVReader.cpp">
      <Filter>src\utils</Filter>
    </ClCompile>
    <ClCompile Include="..\Classes\Model\ControlButton.cpp">
      <Filter>src\Model</Filter>
    </ClCompile>
    <ClCompile Include="..\Classes\Scene\SetupScene.cpp">
      <Filter>src\Scene</Filter>
    </ClCompile>
    <ClCompile Include="..\Classes\Model\ControlKeyBoard.cpp">
      <Filter>src\Model</Filter>
    </ClCompile>
    <ClCompile Include="..\Classes\Model\ControlJoystick.cpp">
      <Filter>src\Model</Filter>
    </ClCompile>
    <ClCompile Include="..\Classes\Model\GameSounds.cpp">
      <Filter>src\Model</Filter>
    </ClCompile>
    <ClCompile Include="..\Classes\Manager\BonusManager.cpp">
      <Filter>src\Manager</Filter>
    </ClCompile>
    <ClCompile Include="..\Classes\Model\Bonus\RandomBonusSlow.cpp">
      <Filter>src\Model\Bonus</Filter>
    </ClCompile>
    <ClCompile Include="..\Classes\Model\Bonus\RandomBonus.cpp">
      <Filter>src\Model\Bonus</Filter>
    </ClCompile>
    <ClCompile Include="..\Classes\Model\Data\MapData.cpp">
      <Filter>src\Model\Data</Filter>
    </ClCompile>
    <ClCompile Include="..\Classes\Model\Data\NPCData.cpp">
      <Filter>src\Model\Data</Filter>
    </ClCompile>
    <ClCompile Include="..\Classes\Model\Bonus\RandomBonusFast.cpp">
      <Filter>src\Model\Bonus</Filter>
    </ClCompile>
    <ClCompile Include="..\Classes\Model\Bonus\BonusImmortal.cpp">
      <Filter>src\Model\Bonus</Filter>
    </ClCompile>
    <ClCompile Include="..\Classes\Model\Bonus\RandomBonusSpawnBomb.cpp">
      <Filter>src\Model\Bonus</Filter>
    </ClCompile>
    <ClCompile Include="..\Classes\Model\Bonus\RandomBonusNoSpawnBomb.cpp">
      <Filter>src\Model\Bonus</Filter>
    </ClCompile>
    <ClCompile Include="..\Classes\Manager\NPCManager.cpp">
      <Filter>src\Manager</Filter>
    </ClCompile>
  </ItemGroup>
  <ItemGroup>
    <ClInclude Include="main.h">
      <Filter>win32</Filter>
    </ClInclude>
    <ClInclude Include="..\Classes\AppDelegate.h">
      <Filter>src</Filter>
    </ClInclude>
    <ClInclude Include="..\Classes\Scene\AbstractWorldScene.h">
      <Filter>src\Scene</Filter>
    </ClInclude>
    <ClInclude Include="..\Classes\Scene\BattleScene.h">
      <Filter>src\Scene</Filter>
    </ClInclude>
    <ClInclude Include="..\Classes\Scene\FinalScene.h">
      <Filter>src\Scene</Filter>
    </ClInclude>
    <ClInclude Include="..\Classes\Scene\GameOverScene.h">
      <Filter>src\Scene</Filter>
    </ClInclude>
    <ClInclude Include="..\Classes\Scene\LoadLevelScene.h">
      <Filter>src\Scene</Filter>
    </ClInclude>
    <ClInclude Include="..\Classes\Scene\MenuScene.h">
      <Filter>src\Scene</Filter>
    </ClInclude>
    <ClInclude Include="..\Classes\Scene\PasswordScene.h">
      <Filter>src\Scene</Filter>
    </ClInclude>
    <ClInclude Include="..\Classes\Scene\PreloadBattleScene.h">
      <Filter>src\Scene</Filter>
    </ClInclude>
    <ClInclude Include="..\Classes\Scene\StartingScene.h">
      <Filter>src\Scene</Filter>
    </ClInclude>
    <ClInclude Include="..\Classes\Scene\WorldScene.h">
      <Filter>src\Scene</Filter>
    </ClInclude>
    <ClInclude Include="..\Classes\Boss\BossBase.h">
      <Filter>src\Boss</Filter>
    </ClInclude>
    <ClInclude Include="..\Classes\Boss\Cyclop.h">
      <Filter>src\Boss</Filter>
    </ClInclude>
    <ClInclude Include="..\Classes\Boss\Electro.h">
      <Filter>src\Boss</Filter>
    </ClInclude>
    <ClInclude Include="..\Classes\Boss\Human.h">
      <Filter>src\Boss</Filter>
    </ClInclude>
    <ClInclude Include="..\Classes\Boss\Iron.h">
      <Filter>src\Boss</Filter>
    </ClInclude>
    <ClInclude Include="..\Classes\Boss\Snake.h">
      <Filter>src\Boss</Filter>
    </ClInclude>
    <ClInclude Include="..\Classes\Model\Bomb.h">
      <Filter>src\Model</Filter>
    </ClInclude>
    <ClInclude Include="..\Classes\Model\Brick.h">
      <Filter>src\Model</Filter>
    </ClInclude>
    <ClInclude Include="..\Classes\Model\BrickBonus.h">
      <Filter>src\Model</Filter>
    </ClInclude>
    <ClInclude Include="..\Classes\Model\BrickDoor.h">
      <Filter>src\Model</Filter>
    </ClInclude>
    <ClInclude Include="..\Classes\Model\GameSettings.h">
      <Filter>src\Model</Filter>
    </ClInclude>
    <ClInclude Include="..\Classes\Model\NPC.h">
      <Filter>src\Model</Filter>
    </ClInclude>
    <ClInclude Include="..\Classes\Model\Player.h">
      <Filter>src\Model</Filter>
    </ClInclude>
    <ClInclude Include="..\Classes\Model\Timer.h">
      <Filter>src\Model</Filter>
    </ClInclude>
    <ClInclude Include="..\Classes\Model\WorldObject.h">
      <Filter>src\Model</Filter>
    </ClInclude>
    <ClInclude Include="..\Classes\enumerate\Direction.h">
      <Filter>src\enumerate</Filter>
    </ClInclude>
    <ClInclude Include="..\Classes\enumerate\EBonus.h">
      <Filter>src\enumerate</Filter>
    </ClInclude>
    <ClInclude Include="..\Classes\enumerate\ENPC.h">
      <Filter>src\enumerate</Filter>
    </ClInclude>
    <ClInclude Include="..\Classes\enumerate\EPlayer.h">
      <Filter>src\enumerate</Filter>
    </ClInclude>
    <ClInclude Include="..\Classes\utils\CSVReader.h">
      <Filter>src\utils</Filter>
    </ClInclude>
    <ClInclude Include="..\Classes\utils\Events.h">
      <Filter>src\utils</Filter>
    </ClInclude>
    <ClInclude Include="..\Classes\utils\Utils.h">
      <Filter>src\utils</Filter>
    </ClInclude>
    <ClInclude Include="..\Classes\enumerate\EControl.h">
      <Filter>src\enumerate</Filter>
    </ClInclude>
    <ClInclude Include="..\Classes\Model\IControl.h">
      <Filter>src\Model</Filter>
    </ClInclude>
    <ClInclude Include="..\Classes\enumerate\EEventType.h">
      <Filter>src\enumerate</Filter>
    </ClInclude>
    <ClInclude Include="..\Classes\Model\ControlButton.h">
      <Filter>src\Model</Filter>
    </ClInclude>
    <ClInclude Include="..\Classes\Scene\SetupScene.h">
      <Filter>src\Scene</Filter>
    </ClInclude>
    <ClInclude Include="..\Classes\Model\ControlKeyBoard.h">
      <Filter>src\Model</Filter>
    </ClInclude>
    <ClInclude Include="..\Classes\Model\ControlJoystick.h">
      <Filter>src\Model</Filter>
    </ClInclude>
    <ClInclude Include="..\Classes\utils\DefPositions.h">
      <Filter>src\utils</Filter>
    </ClInclude>
    <ClInclude Include="..\Classes\Model\GameSounds.h">
      <Filter>src\Model</Filter>
    </ClInclude>
    <ClInclude Include="..\Classes\enumerate\ESounds.h">
      <Filter>src\enumerate</Filter>
    </ClInclude>
    <ClInclude Include="..\Classes\Manager\BonusManager.h">
      <Filter>src\Manager</Filter>
    </ClInclude>
    <ClInclude Include="..\Classes\Model\Bonus\RandomBonusSlow.h">
      <Filter>src\Model\Bonus</Filter>
    </ClInclude>
    <ClInclude Include="..\Classes\Model\Bonus\RandomBonus.h">
      <Filter>src\Model\Bonus</Filter>
    </ClInclude>
    <ClInclude Include="..\Classes\Model\Data\MapData.h">
      <Filter>src\Model\Data</Filter>
    </ClInclude>
    <ClInclude Include="..\Classes\Model\Data\NPCData.h">
      <Filter>src\Model\Data</Filter>
    </ClInclude>
    <ClInclude Include="..\Classes\Model\Data\PlayerData.h">
      <Filter>src\Model\Data</Filter>
    </ClInclude>
    <ClInclude Include="..\Classes\Model\Bonus\RandomBonusFast.h">
      <Filter>src\Model\Bonus</Filter>
    </ClInclude>
    <ClInclude Include="..\Classes\Model\Bonus\IBonus.h">
      <Filter>src\Model\Bonus</Filter>
    </ClInclude>
    <ClInclude Include="..\Classes\Model\Bonus\BonusImmortal.h">
      <Filter>src\Model\Bonus</Filter>
    </ClInclude>
    <ClInclude Include="..\Classes\Model\Bonus\RandomBonusSpawnBomb.h">
      <Filter>src\Model\Bonus</Filter>
    </ClInclude>
    <ClInclude Include="..\Classes\Model\Bonus\RandomBonusNoSpawnBomb.h">
      <Filter>src\Model\Bonus</Filter>
    </ClInclude>
    <ClInclude Include="..\Classes\Model\Bonus\BonusAddSizeBomb.h">
      <Filter>src\Model\Bonus</Filter>
    </ClInclude>
    <ClInclude Include="..\Classes\Model\Bonus\BonusAddCountBomb.h">
      <Filter>src\Model\Bonus</Filter>
    </ClInclude>
    <ClInclude Include="..\Classes\Model\Bonus\BonusRemoteBomb.h">
      <Filter>src\Model\Bonus</Filter>
    </ClInclude>
    <ClInclude Include="..\Classes\Model\Bonus\BonusSpeedUp.h">
      <Filter>src\Model\Bonus</Filter>
    </ClInclude>
    <ClInclude Include="..\Classes\Model\Bonus\BonusAddLife.h">
      <Filter>src\Model\Bonus</Filter>
    </ClInclude>
    <ClInclude Include="..\Classes\Model\Bonus\BonusMoveWall.h">
      <Filter>src\Model\Bonus</Filter>
    </ClInclude>
    <ClInclude Include="..\Classes\Model\Bonus\BonusThroughBomb.h">
      <Filter>src\Model\Bonus</Filter>
    </ClInclude>
    <ClInclude Include="..\Classes\Manager\NPCManager.h">
      <Filter>src\Manager</Filter>
    </ClInclude>
  </ItemGroup>
  <ItemGroup>
    <ResourceCompile Include="game.rc">
      <Filter>resource</Filter>
    </ResourceCompile>
  </ItemGroup>
</Project>